
Microsoft Visual Studio Solution File, Format Version 12.00
# Visual Studio 15
VisualStudioVersion = 15.0.27703.2000
MinimumVisualStudioVersion = 10.0.40219.1
Project("{FAE04EC0-301F-11D3-BF4B-00C04F79EFBC}") = "AltCodeKneeboard", "AltCodeKneeboard\AltCodeKneeboard.csproj", "{21195D50-FF81-43D5-847A-F6EE6B25CB64}"
EndProject
Global
	GlobalSection(SolutionConfigurationPlatforms) = preSolution
		Debug|Any CPU = Debug|Any CPU
		Release|Any CPU = Release|Any CPU
	EndGlobalSection
	GlobalSection(ProjectConfigurationPlatforms) = postSolution
		{21195D50-FF81-43D5-847A-F6EE6B25CB64}.Debug|Any CPU.ActiveCfg = Debug|Any CPU
		{21195D50-FF81-43D5-847A-F6EE6B25CB64}.Debug|Any CPU.Build.0 = Debug|Any CPU
		{21195D50-FF81-43D5-847A-F6EE6B25CB64}.Release|Any CPU.ActiveCfg = Release|Any CPU
		{21195D50-FF81-43D5-847A-F6EE6B25CB64}.Release|Any CPU.Build.0 = Release|Any CPU
	EndGlobalSection
	GlobalSection(SolutionProperties) = preSolution
		HideSolutionNode = FALSE
	EndGlobalSection
	GlobalSection(ExtensibilityGlobals) = postSolution
		SolutionGuid = {F63F36E3-50D3-4B80-8CEC-30CC8EF48DCF}
	EndGlobalSection
EndGlobal
